<Solution>
  <Project Path="Payroll.API/Payroll.API.csproj" />
  <Project Path="Payroll.Core/Payroll.Core.csproj" />
  <Project Path="Payroll.Data/Payroll.Data.csproj" />
  <Project Path="Payroll.Engine/Payroll.Engine.csproj" Id="99f12893-1787-4dab-8ce2-c2feb6fa4bf4" />
  <Project Path="Payroll.Services/Payroll.Services.csproj" />
  <Project Path="Payroll.Web/Payroll.Web.csproj" />
</Solution>
